
Microsoft Visual Studio Solution File, Format Version 12.00
# Visual Studio 15
VisualStudioVersion = 15.0.27130.2036
MinimumVisualStudioVersion = 10.0.40219.1
Project("{9A19103F-16F7-4668-BE54-9A1E7A4F7556}") = "Lwt", "src\Lwt\Lwt.csproj", "{25650DBB-AFAE-4D39-8450-4D3EF4625C01}"
EndProject
Project("{9A19103F-16F7-4668-BE54-9A1E7A4F7556}") = "Lwt.Test", "test\Lwt.Test\Lwt.Test.csproj", "{72471458-FC9C-4706-B3B7-7FC5CF47D403}"
EndProject
Global
	GlobalSection(SolutionConfigurationPlatforms) = preSolution
		Debug|Any CPU = Debug|Any CPU
		Release|Any CPU = Release|Any CPU
	EndGlobalSection
	GlobalSection(ProjectConfigurationPlatforms) = postSolution
		{25650DBB-AFAE-4D39-8450-4D3EF4625C01}.Debug|Any CPU.ActiveCfg = Debug|Any CPU
		{25650DBB-AFAE-4D39-8450-4D3EF4625C01}.Debug|Any CPU.Build.0 = Debug|Any CPU
		{25650DBB-AFAE-4D39-8450-4D3EF4625C01}.Release|Any CPU.ActiveCfg = Release|Any CPU
		{25650DBB-AFAE-4D39-8450-4D3EF4625C01}.Release|Any CPU.Build.0 = Release|Any CPU
		{72471458-FC9C-4706-B3B7-7FC5CF47D403}.Debug|Any CPU.ActiveCfg = Debug|Any CPU
		{72471458-FC9C-4706-B3B7-7FC5CF47D403}.Debug|Any CPU.Build.0 = Debug|Any CPU
		{72471458-FC9C-4706-B3B7-7FC5CF47D403}.Release|Any CPU.ActiveCfg = Release|Any CPU
		{72471458-FC9C-4706-B3B7-7FC5CF47D403}.Release|Any CPU.Build.0 = Release|Any CPU
	EndGlobalSection
	GlobalSection(SolutionProperties) = preSolution
		HideSolutionNode = FALSE
	EndGlobalSection
	GlobalSection(ExtensibilityGlobals) = postSolution
		SolutionGuid = {B8DE159F-6FCF-4541-A977-330187E04625}
	EndGlobalSection
EndGlobal
